<?xml version="1.0" encoding="UTF-8" standalone="yes" ?>
<CodeBlocks_project_file>
	<FileVersion major="1" minor="6" />
	<Project>
		<Option title="xq" />
		<Option pch_mode="2" />
		<Option compiler="gcc" />
		<Build>
			<Target title="Release">
				<Option output="..\snakexq.exe" prefix_auto="0" extension_auto="0" />
				<Option type="1" />
				<Option compiler="gcc" />
				<Option use_console_runner="0" />
				<Compiler>
					<Add option="-O3" />
					<Add option="-Wall" />
					<Add option="-DBUILD_DLL" />
				</Compiler>
				<Linker>
					<Add option="-s" />
					<Add library="user32" />
					<Add library="boost_python" />
					<Add library="python" />
				</Linker>
			</Target>
		</Build>
		<Unit filename="bitmap.h" />
		<Unit filename="bitmap_data.cpp" />
		<Unit filename="defines.h" />
		<Unit filename="engine.cpp" />
		<Unit filename="engine.h" />
		<Unit filename="generator.cpp" />
		<Unit filename="generator.h" />
		<Unit filename="hash.cpp" />
		<Unit filename="hash.h" />
		<Unit filename="history.h" />
		<Unit filename="history_data.cpp" />
		<Unit filename="int.h" />
		<Unit filename="killer.h" />
		<Unit filename="main.cpp" />
		<Unit filename="move_helper.cpp" />
		<Unit filename="move_helper.h" />
		<Unit filename="movelist.h" />
		<Unit filename="pipe\eleeye\base.h" />
		<Unit filename="pipe\eleeye\base2.h" />
		<Unit filename="pipe\eleeye\pipe.cpp" />
		<Unit filename="pipe\eleeye\pipe.h" />
		<Unit filename="pipe\io.cpp" />
		<Unit filename="pipe\io.h" />
		<Unit filename="search.cpp" />
		<Unit filename="utility\str.cpp" />
		<Unit filename="utility\str.h" />
		<Unit filename="utility\time.cpp" />
		<Unit filename="utility\time.h" />
		<Unit filename="wrapper\ucci.cpp" />
		<Unit filename="wrapper\_xq.cpp" />
		<Unit filename="xq.cpp" />
		<Unit filename="xq.h" />
		<Unit filename="xq_data.cpp" />
		<Unit filename="xq_data.h" />
		<Unit filename="xq_helper.cpp" />
		<Unit filename="xq_position_data.cpp" />
		<Unit filename="xq_position_data.h" />
		<Extensions>
			<code_completion />
			<debugger />
		</Extensions>
	</Project>
</CodeBlocks_project_file>
